<?xml version="1.0" encoding="utf-8"?>
<Project ToolsVersion="4.0" xmlns="http://schemas.microsoft.com/developer/msbuild/2003">
  <ItemGroup>
    <Filter Include="Source Files">
      <UniqueIdentifier>{4FC737F1-C7A5-4376-A066-2A32D752A2FF}</UniqueIdentifier>
      <Extensions>cpp;c;cc;cxx;c++;cppm;ixx;def;odl;idl;hpj;bat;asm;asmx</Extensions>
    </Filter>
    <Filter Include="Header Files">
      <UniqueIdentifier>{93995380-89BD-4b04-88EB-625FBE52EBFB}</UniqueIdentifier>
      <Extensions>h;hh;hpp;hxx;h++;hm;inl;inc;ipp;xsd</Extensions>
    </Filter>
    <Filter Include="Resource Files">
      <UniqueIdentifier>{67DA6AB6-F800-4c08-8B7A-83BB121AAD01}</UniqueIdentifier>
      <Extensions>rc;ico;cur;bmp;dlg;rc2;rct;bin;rgs;gif;jpg;jpeg;jpe;resx;tiff;tif;png;wav;mfcribbon-ms</Extensions>
    </Filter>
  </ItemGroup>
  <ItemGroup>
    <ClCompile Include="MsPacman.cpp">
      <Filter>Source Files</Filter>
    </ClCompile>
    <ClCompile Include="PickUpPelletsComponent.cpp">
      <Filter>Source Files</Filter>
    </ClCompile>
    <ClCompile Include="TestBindings.cpp">
      <Filter>Source Files</Filter>
    </ClCompile>
    <ClCompile Include="ScoreUIcomponent.cpp">
      <Filter>Source Files</Filter>
    </ClCompile>
    <ClCompile Include="ThrashTheCache.cpp">
      <Filter>Source Files</Filter>
    </ClCompile>
    <ClCompile Include="MsPacmanSubject.cpp">
      <Filter>Source Files</Filter>
    </ClCompile>
    <ClCompile Include="DieComponent.cpp">
      <Filter>Source Files</Filter>
    </ClCompile>
    <ClCompile Include="LivesUIComponent.cpp">
      <Filter>Source Files</Filter>
    </ClCompile>
    <ClCompile Include="RotatorComponent.cpp">
      <Filter>Source Files</Filter>
    </ClCompile>
    <ClCompile Include="BaseMovement.cpp">
      <Filter>Source Files</Filter>
    </ClCompile>
    <ClCompile Include="PacmanGrid.cpp">
      <Filter>Source Files</Filter>
    </ClCompile>
    <ClCompile Include="ChaseState.cpp">
      <Filter>Source Files</Filter>
    </ClCompile>
    <ClCompile Include="GhostStateComponent.cpp">
      <Filter>Source Files</Filter>
    </ClCompile>
    <ClCompile Include="GhostState.cpp">
      <Filter>Source Files</Filter>
    </ClCompile>
    <ClCompile Include="GhostMovement.cpp">
      <Filter>Source Files</Filter>
    </ClCompile>
    <ClCompile Include="PacmanMovement.cpp">
      <Filter>Source Files</Filter>
    </ClCompile>
  </ItemGroup>
  <ItemGroup>
    <ClInclude Include="InteractionCommands.h">
      <Filter>Header Files</Filter>
    </ClInclude>
    <ClInclude Include="PickUpPelletsComponent.h">
      <Filter>Header Files</Filter>
    </ClInclude>
    <ClInclude Include="ScoreUIcomponent.h">
      <Filter>Header Files</Filter>
    </ClInclude>
    <ClInclude Include="MsPacmanObserver.h">
      <Filter>Header Files</Filter>
    </ClInclude>
    <ClInclude Include="MsPacmanSubject.h">
      <Filter>Header Files</Filter>
    </ClInclude>
    <ClInclude Include="DieComponent.h">
      <Filter>Header Files</Filter>
    </ClInclude>
    <ClInclude Include="LivesUIComponent.h">
      <Filter>Header Files</Filter>
    </ClInclude>
    <ClInclude Include="MoveCommands.h">
      <Filter>Header Files</Filter>
    </ClInclude>
    <ClInclude Include="MovementBinding.h">
      <Filter>Header Files</Filter>
    </ClInclude>
    <ClInclude Include="RotatorComponent.h">
      <Filter>Header Files</Filter>
    </ClInclude>
    <ClInclude Include="BaseMovement.h">
      <Filter>Header Files</Filter>
    </ClInclude>
    <ClInclude Include="PacmanGrid.h">
      <Filter>Header Files</Filter>
    </ClInclude>
    <ClInclude Include="CustomPacmanDefines.h">
      <Filter>Header Files</Filter>
    </ClInclude>
    <ClInclude Include="GhostStateComponent.h">
      <Filter>Header Files</Filter>
    </ClInclude>
    <ClInclude Include="ChaseState.h">
      <Filter>Header Files</Filter>
    </ClInclude>
    <ClInclude Include="GhostState.h">
      <Filter>Header Files</Filter>
    </ClInclude>
    <ClInclude Include="GhostMovement.h">
      <Filter>Header Files</Filter>
    </ClInclude>
    <ClInclude Include="PacmanMovement.h">
      <Filter>Header Files</Filter>
    </ClInclude>
  </ItemGroup>
</Project>